
Microsoft Visual Studio Solution File, Format Version 12.00
# Visual Studio Version 17
VisualStudioVersion = 17.0.31903.59
MinimumVisualStudioVersion = 10.0.40219.1
Project("{FAE04EC0-301F-11D3-BF4B-00C04F79EFBC}") = "LibAoc", "LibAoc\LibAoc.csproj", "{640ED780-0FDF-4602-A4D3-A081383AA69D}"
EndProject
Project("{FAE04EC0-301F-11D3-BF4B-00C04F79EFBC}") = "Aoc01", "Aoc01\Aoc01.csproj", "{97A88BC0-D9EF-4E38-8615-C43D2F7CC8B4}"
EndProject
Project("{FAE04EC0-301F-11D3-BF4B-00C04F79EFBC}") = "Aoc02", "Aoc02\Aoc02.csproj", "{2777B2A1-0536-4A55-8783-41D7657FD3F9}"
EndProject
Project("{FAE04EC0-301F-11D3-BF4B-00C04F79EFBC}") = "Aoc03", "Aoc03\Aoc03.csproj", "{33BBA03D-3339-4788-8129-2414A5AA0E90}"
EndProject
Project("{FAE04EC0-301F-11D3-BF4B-00C04F79EFBC}") = "Aoc04", "Aoc04\Aoc04.csproj", "{C61DB3CC-9043-42B4-9DDB-3B4892B4A74B}"
EndProject
Project("{FAE04EC0-301F-11D3-BF4B-00C04F79EFBC}") = "Aoc05", "Aoc05\Aoc05.csproj", "{B39876B2-0DF6-4AF0-A3FF-7952C9644A75}"
EndProject
Project("{FAE04EC0-301F-11D3-BF4B-00C04F79EFBC}") = "IntCode", "IntCode\IntCode.csproj", "{94D310D6-68EA-438A-B7B8-F646AA5C6CE6}"
EndProject
Project("{FAE04EC0-301F-11D3-BF4B-00C04F79EFBC}") = "IntCode.Test", "IntCode.Test\IntCode.Test.csproj", "{CF90F322-0720-468F-9B54-BAF16127C073}"
EndProject
Project("{FAE04EC0-301F-11D3-BF4B-00C04F79EFBC}") = "Aoc06", "Aoc06\Aoc06.csproj", "{75CA52EF-0C4A-419E-9FB6-9C88CDA23401}"
EndProject
Project("{FAE04EC0-301F-11D3-BF4B-00C04F79EFBC}") = "Aoc07", "Aoc07\Aoc07.csproj", "{F35E9E7F-6FE5-4AA6-9AAF-56B4E0AD7C8E}"
EndProject
Project("{FAE04EC0-301F-11D3-BF4B-00C04F79EFBC}") = "Aoc08", "Aoc08\Aoc08.csproj", "{68EDFE71-B9C1-44A3-8590-1B9136A490AE}"
EndProject
Project("{FAE04EC0-301F-11D3-BF4B-00C04F79EFBC}") = "Aoc09", "Aoc09\Aoc09.csproj", "{138C9E24-97F2-43BD-A607-55A32998E4BF}"
EndProject
Project("{FAE04EC0-301F-11D3-BF4B-00C04F79EFBC}") = "Aoc10", "Aoc10\Aoc10.csproj", "{718CDBC1-1D33-4A17-802B-44B3E7BC93FC}"
EndProject
Global
	GlobalSection(SolutionConfigurationPlatforms) = preSolution
		Debug|Any CPU = Debug|Any CPU
		Release|Any CPU = Release|Any CPU
	EndGlobalSection
	GlobalSection(SolutionProperties) = preSolution
		HideSolutionNode = FALSE
	EndGlobalSection
	GlobalSection(ProjectConfigurationPlatforms) = postSolution
		{640ED780-0FDF-4602-A4D3-A081383AA69D}.Debug|Any CPU.ActiveCfg = Debug|Any CPU
		{640ED780-0FDF-4602-A4D3-A081383AA69D}.Debug|Any CPU.Build.0 = Debug|Any CPU
		{640ED780-0FDF-4602-A4D3-A081383AA69D}.Release|Any CPU.ActiveCfg = Release|Any CPU
		{640ED780-0FDF-4602-A4D3-A081383AA69D}.Release|Any CPU.Build.0 = Release|Any CPU
		{97A88BC0-D9EF-4E38-8615-C43D2F7CC8B4}.Debug|Any CPU.ActiveCfg = Debug|Any CPU
		{97A88BC0-D9EF-4E38-8615-C43D2F7CC8B4}.Debug|Any CPU.Build.0 = Debug|Any CPU
		{97A88BC0-D9EF-4E38-8615-C43D2F7CC8B4}.Release|Any CPU.ActiveCfg = Release|Any CPU
		{97A88BC0-D9EF-4E38-8615-C43D2F7CC8B4}.Release|Any CPU.Build.0 = Release|Any CPU
		{2777B2A1-0536-4A55-8783-41D7657FD3F9}.Debug|Any CPU.ActiveCfg = Debug|Any CPU
		{2777B2A1-0536-4A55-8783-41D7657FD3F9}.Debug|Any CPU.Build.0 = Debug|Any CPU
		{2777B2A1-0536-4A55-8783-41D7657FD3F9}.Release|Any CPU.ActiveCfg = Release|Any CPU
		{2777B2A1-0536-4A55-8783-41D7657FD3F9}.Release|Any CPU.Build.0 = Release|Any CPU
		{33BBA03D-3339-4788-8129-2414A5AA0E90}.Debug|Any CPU.ActiveCfg = Debug|Any CPU
		{33BBA03D-3339-4788-8129-2414A5AA0E90}.Debug|Any CPU.Build.0 = Debug|Any CPU
		{33BBA03D-3339-4788-8129-2414A5AA0E90}.Release|Any CPU.ActiveCfg = Release|Any CPU
		{33BBA03D-3339-4788-8129-2414A5AA0E90}.Release|Any CPU.Build.0 = Release|Any CPU
		{C61DB3CC-9043-42B4-9DDB-3B4892B4A74B}.Debug|Any CPU.ActiveCfg = Debug|Any CPU
		{C61DB3CC-9043-42B4-9DDB-3B4892B4A74B}.Debug|Any CPU.Build.0 = Debug|Any CPU
		{C61DB3CC-9043-42B4-9DDB-3B4892B4A74B}.Release|Any CPU.ActiveCfg = Release|Any CPU
		{C61DB3CC-9043-42B4-9DDB-3B4892B4A74B}.Release|Any CPU.Build.0 = Release|Any CPU
		{B39876B2-0DF6-4AF0-A3FF-7952C9644A75}.Debug|Any CPU.ActiveCfg = Debug|Any CPU
		{B39876B2-0DF6-4AF0-A3FF-7952C9644A75}.Debug|Any CPU.Build.0 = Debug|Any CPU
		{B39876B2-0DF6-4AF0-A3FF-7952C9644A75}.Release|Any CPU.ActiveCfg = Release|Any CPU
		{B39876B2-0DF6-4AF0-A3FF-7952C9644A75}.Release|Any CPU.Build.0 = Release|Any CPU
		{94D310D6-68EA-438A-B7B8-F646AA5C6CE6}.Debug|Any CPU.ActiveCfg = Debug|Any CPU
		{94D310D6-68EA-438A-B7B8-F646AA5C6CE6}.Debug|Any CPU.Build.0 = Debug|Any CPU
		{94D310D6-68EA-438A-B7B8-F646AA5C6CE6}.Release|Any CPU.ActiveCfg = Release|Any CPU
		{94D310D6-68EA-438A-B7B8-F646AA5C6CE6}.Release|Any CPU.Build.0 = Release|Any CPU
		{CF90F322-0720-468F-9B54-BAF16127C073}.Debug|Any CPU.ActiveCfg = Debug|Any CPU
		{CF90F322-0720-468F-9B54-BAF16127C073}.Debug|Any CPU.Build.0 = Debug|Any CPU
		{CF90F322-0720-468F-9B54-BAF16127C073}.Release|Any CPU.ActiveCfg = Release|Any CPU
		{CF90F322-0720-468F-9B54-BAF16127C073}.Release|Any CPU.Build.0 = Release|Any CPU
		{75CA52EF-0C4A-419E-9FB6-9C88CDA23401}.Debug|Any CPU.ActiveCfg = Debug|Any CPU
		{75CA52EF-0C4A-419E-9FB6-9C88CDA23401}.Debug|Any CPU.Build.0 = Debug|Any CPU
		{75CA52EF-0C4A-419E-9FB6-9C88CDA23401}.Release|Any CPU.ActiveCfg = Release|Any CPU
		{75CA52EF-0C4A-419E-9FB6-9C88CDA23401}.Release|Any CPU.Build.0 = Release|Any CPU
		{F35E9E7F-6FE5-4AA6-9AAF-56B4E0AD7C8E}.Debug|Any CPU.ActiveCfg = Debug|Any CPU
		{F35E9E7F-6FE5-4AA6-9AAF-56B4E0AD7C8E}.Debug|Any CPU.Build.0 = Debug|Any CPU
		{F35E9E7F-6FE5-4AA6-9AAF-56B4E0AD7C8E}.Release|Any CPU.ActiveCfg = Release|Any CPU
		{F35E9E7F-6FE5-4AA6-9AAF-56B4E0AD7C8E}.Release|Any CPU.Build.0 = Release|Any CPU
		{68EDFE71-B9C1-44A3-8590-1B9136A490AE}.Debug|Any CPU.ActiveCfg = Debug|Any CPU
		{68EDFE71-B9C1-44A3-8590-1B9136A490AE}.Debug|Any CPU.Build.0 = Debug|Any CPU
		{68EDFE71-B9C1-44A3-8590-1B9136A490AE}.Release|Any CPU.ActiveCfg = Release|Any CPU
		{68EDFE71-B9C1-44A3-8590-1B9136A490AE}.Release|Any CPU.Build.0 = Release|Any CPU
		{138C9E24-97F2-43BD-A607-55A32998E4BF}.Debug|Any CPU.ActiveCfg = Debug|Any CPU
		{138C9E24-97F2-43BD-A607-55A32998E4BF}.Debug|Any CPU.Build.0 = Debug|Any CPU
		{138C9E24-97F2-43BD-A607-55A32998E4BF}.Release|Any CPU.ActiveCfg = Release|Any CPU
		{138C9E24-97F2-43BD-A607-55A32998E4BF}.Release|Any CPU.Build.0 = Release|Any CPU
		{718CDBC1-1D33-4A17-802B-44B3E7BC93FC}.Debug|Any CPU.ActiveCfg = Debug|Any CPU
		{718CDBC1-1D33-4A17-802B-44B3E7BC93FC}.Debug|Any CPU.Build.0 = Debug|Any CPU
		{718CDBC1-1D33-4A17-802B-44B3E7BC93FC}.Release|Any CPU.ActiveCfg = Release|Any CPU
		{718CDBC1-1D33-4A17-802B-44B3E7BC93FC}.Release|Any CPU.Build.0 = Release|Any CPU
	EndGlobalSection
EndGlobal
